
Microsoft Visual Studio Solution File, Format Version 12.00
# Visual Studio 14
VisualStudioVersion = 14.0.25420.1
MinimumVisualStudioVersion = 10.0.40219.1
Project("{FAE04EC0-301F-11D3-BF4B-00C04F79EFBC}") = "UTPP", "UTPP\UTPP.csproj", "{F5EF5E28-2ABD-4E04-BF31-3DE2132ECC78}"
EndProject
Project("{FAE04EC0-301F-11D3-BF4B-00C04F79EFBC}") = "CLP", "CLP\CLP.csproj", "{6C1BE12F-C1E9-4A61-909F-9D15D8A9579C}"
EndProject
Project("{2150E333-8FDC-42A3-9474-1A3956D46DE8}") = "Solution Items", "Solution Items", "{7809F46B-B9D9-4FA3-88DE-C143A65ABEB9}"
EndProject
Project("{FAE04EC0-301F-11D3-BF4B-00C04F79EFBC}") = "APISampleUnitTestsCS", "C:\Users\taotaocui\Documents\Microsoft Roslyn CTP - September 2012\CSharp\APISampleUnitTestsCS\APISampleUnitTestsCS.csproj", "{CFF49CC1-85B5-49F7-B14B-A6EBF2592DD2}"
EndProject
Project("{FAE04EC0-301F-11D3-BF4B-00C04F79EFBC}") = "CLP.B", "CLP.B\CLP.B.csproj", "{76DE566A-0164-4FF4-9549-9CB96FF471E6}"
EndProject
Project("{2150E333-8FDC-42A3-9474-1A3956D46DE8}") = "Roslyn Output", "Roslyn Output", "{BE6E3513-31DB-49E1-AEF3-E9B10C150484}"
	ProjectSection(SolutionItems) = preProject
		Icon1.ico = Icon1.ico
	EndProjectSection
EndProject
Project("{FAE04EC0-301F-11D3-BF4B-00C04F79EFBC}") = "CLP.B.R2", "CLP.B.R\CLP.B.R2.csproj", "{0162CB30-7773-40AF-833F-9A852D8B1F5F}"
EndProject
Project("{FAE04EC0-301F-11D3-BF4B-00C04F79EFBC}") = "CLP.ExtFunc", "CLP.ExtFunc\CLP.ExtFunc.csproj", "{817AFAE8-D90C-48CF-BCC4-100998A26FFF}"
EndProject
Project("{FAE04EC0-301F-11D3-BF4B-00C04F79EFBC}") = "CLP.B.R1", "CLP.B.R.1\CLP.B.R1.csproj", "{AC7FAF11-0174-41EC-AEBF-BA98205C1606}"
EndProject
Project("{FAE04EC0-301F-11D3-BF4B-00C04F79EFBC}") = "UnitTestMethodGenerator", "UnitTestMethodGenerator\UnitTestMethodGenerator.csproj", "{C44B8A4D-E9F2-4EA2-A668-8677A9D92CF5}"
EndProject
Project("{FAE04EC0-301F-11D3-BF4B-00C04F79EFBC}") = "BaseOnRoslyn", "BaseOnRoslyn\BaseOnRoslyn.csproj", "{18720F59-2A0F-4D29-B3AE-9EB743089940}"
EndProject
Project("{FAE04EC0-301F-11D3-BF4B-00C04F79EFBC}") = "NetstatHelper", "NetstatHelper\NetstatHelper.csproj", "{A08DCFD4-CF8E-4208-ADC8-D2DC72CEC9E5}"
EndProject
Project("{FAE04EC0-301F-11D3-BF4B-00C04F79EFBC}") = "WebAPP", "WebAPP\WebAPP.csproj", "{9A44FA91-3E76-449E-BDF2-7B18683F96D5}"
EndProject
Project("{FAE04EC0-301F-11D3-BF4B-00C04F79EFBC}") = "DirListComparer", "DirListComparer\DirListComparer.csproj", "{D5B65E94-E042-4574-B985-ED42FB7B08F0}"
EndProject
Project("{FAE04EC0-301F-11D3-BF4B-00C04F79EFBC}") = "Wcf.WebService", "Wcf.WebService\Wcf.WebService.csproj", "{54C6DBD2-4E25-4444-93C6-64E966DEA46F}"
EndProject
Project("{FAE04EC0-301F-11D3-BF4B-00C04F79EFBC}") = "Visual Studio IX Proj", "Visual Studio IX Proj\Visual Studio IX Proj.csproj", "{F1300AF4-2685-46AB-BBE7-09A0ABF54663}"
EndProject
Project("{2150E333-8FDC-42A3-9474-1A3956D46DE8}") = ".Net Core, MVC", ".Net Core, MVC", "{3F4AEEC2-BADD-4D95-B66F-E15312D7D719}"
EndProject
Project("{8BB2217D-0F2D-49D1-97BC-3654ED321F3B}") = "WebAppNetCoreMVC", "WebAppNetCoreMVC\WebAppNetCoreMVC.xproj", "{0D4BF2AC-71E4-418C-B825-F4C98ADC082D}"
EndProject
Project("{FAE04EC0-301F-11D3-BF4B-00C04F79EFBC}") = "AOPLifetimeManager", "AOPLifetimeManager\AOPLifetimeManager.csproj", "{76D03113-CA12-4CF3-8787-1DFC74D4D0C0}"
EndProject
Project("{FAE04EC0-301F-11D3-BF4B-00C04F79EFBC}") = "BusinessLayer", "BusinessLayer\BusinessLayer.csproj", "{58B334D9-4EE5-42B5-BE55-0A9677BB928E}"
EndProject
Project("{2150E333-8FDC-42A3-9474-1A3956D46DE8}") = "AOP", "AOP", "{BDF0FA85-7B9A-4CFA-8D60-17766FD52E6D}"
EndProject
Project("{FAE04EC0-301F-11D3-BF4B-00C04F79EFBC}") = "MSPracticesUnity_Behavior", "MSPracticesUnity_Behavior\MSPracticesUnity_Behavior.csproj", "{F4B69E3F-7115-499A-A59F-A4C16D6527ED}"
EndProject
Project("{FAE04EC0-301F-11D3-BF4B-00C04F79EFBC}") = "MSPracticesUnity_Inspector", "MSPracticesUnity_Inspector\MSPracticesUnity_Inspector.csproj", "{4D0561C0-1D1E-4602-8BDF-872F98320CD1}"
EndProject
Project("{FAE04EC0-301F-11D3-BF4B-00C04F79EFBC}") = "MSPracticesUnity_Interceptor", "MSPracticesUnity_Interceptor\MSPracticesUnity_Interceptor.csproj", "{4A58DEC6-3904-4C03-BF4C-B545F7C87B4E}"
EndProject
Project("{8BB2217D-0F2D-49D1-97BC-3654ED321F3B}") = "DotNetCoreLibrary", "DotNetLibrary\DotNetCoreLibrary.xproj", "{439B31C9-8D05-4E97-99AF-AA15601FDD4F}"
EndProject
Global
	GlobalSection(SolutionConfigurationPlatforms) = preSolution
		Debug|Any CPU = Debug|Any CPU
		Debug|Mixed Platforms = Debug|Mixed Platforms
		Debug|Win32 = Debug|Win32
		Release|Any CPU = Release|Any CPU
		Release|Mixed Platforms = Release|Mixed Platforms
		Release|Win32 = Release|Win32
	EndGlobalSection
	GlobalSection(ProjectConfigurationPlatforms) = postSolution
		{F5EF5E28-2ABD-4E04-BF31-3DE2132ECC78}.Debug|Any CPU.ActiveCfg = Debug|Any CPU
		{F5EF5E28-2ABD-4E04-BF31-3DE2132ECC78}.Debug|Any CPU.Build.0 = Debug|Any CPU
		{F5EF5E28-2ABD-4E04-BF31-3DE2132ECC78}.Debug|Mixed Platforms.ActiveCfg = Debug|Any CPU
		{F5EF5E28-2ABD-4E04-BF31-3DE2132ECC78}.Debug|Mixed Platforms.Build.0 = Debug|Any CPU
		{F5EF5E28-2ABD-4E04-BF31-3DE2132ECC78}.Debug|Win32.ActiveCfg = Debug|Any CPU
		{F5EF5E28-2ABD-4E04-BF31-3DE2132ECC78}.Release|Any CPU.ActiveCfg = Release|Any CPU
		{F5EF5E28-2ABD-4E04-BF31-3DE2132ECC78}.Release|Any CPU.Build.0 = Release|Any CPU
		{F5EF5E28-2ABD-4E04-BF31-3DE2132ECC78}.Release|Mixed Platforms.ActiveCfg = Release|Any CPU
		{F5EF5E28-2ABD-4E04-BF31-3DE2132ECC78}.Release|Mixed Platforms.Build.0 = Release|Any CPU
		{F5EF5E28-2ABD-4E04-BF31-3DE2132ECC78}.Release|Win32.ActiveCfg = Release|Any CPU
		{6C1BE12F-C1E9-4A61-909F-9D15D8A9579C}.Debug|Any CPU.ActiveCfg = Debug|Any CPU
		{6C1BE12F-C1E9-4A61-909F-9D15D8A9579C}.Debug|Any CPU.Build.0 = Debug|Any CPU
		{6C1BE12F-C1E9-4A61-909F-9D15D8A9579C}.Debug|Mixed Platforms.ActiveCfg = Debug|Any CPU
		{6C1BE12F-C1E9-4A61-909F-9D15D8A9579C}.Debug|Mixed Platforms.Build.0 = Debug|Any CPU
		{6C1BE12F-C1E9-4A61-909F-9D15D8A9579C}.Debug|Win32.ActiveCfg = Debug|Any CPU
		{6C1BE12F-C1E9-4A61-909F-9D15D8A9579C}.Release|Any CPU.ActiveCfg = Release|Any CPU
		{6C1BE12F-C1E9-4A61-909F-9D15D8A9579C}.Release|Any CPU.Build.0 = Release|Any CPU
		{6C1BE12F-C1E9-4A61-909F-9D15D8A9579C}.Release|Mixed Platforms.ActiveCfg = Release|Any CPU
		{6C1BE12F-C1E9-4A61-909F-9D15D8A9579C}.Release|Mixed Platforms.Build.0 = Release|Any CPU
		{6C1BE12F-C1E9-4A61-909F-9D15D8A9579C}.Release|Win32.ActiveCfg = Release|Any CPU
		{CFF49CC1-85B5-49F7-B14B-A6EBF2592DD2}.Debug|Any CPU.ActiveCfg = Debug|Any CPU
		{CFF49CC1-85B5-49F7-B14B-A6EBF2592DD2}.Debug|Any CPU.Build.0 = Debug|Any CPU
		{CFF49CC1-85B5-49F7-B14B-A6EBF2592DD2}.Debug|Mixed Platforms.ActiveCfg = Debug|Any CPU
		{CFF49CC1-85B5-49F7-B14B-A6EBF2592DD2}.Debug|Mixed Platforms.Build.0 = Debug|Any CPU
		{CFF49CC1-85B5-49F7-B14B-A6EBF2592DD2}.Debug|Win32.ActiveCfg = Debug|Any CPU
		{CFF49CC1-85B5-49F7-B14B-A6EBF2592DD2}.Release|Any CPU.ActiveCfg = Release|Any CPU
		{CFF49CC1-85B5-49F7-B14B-A6EBF2592DD2}.Release|Any CPU.Build.0 = Release|Any CPU
		{CFF49CC1-85B5-49F7-B14B-A6EBF2592DD2}.Release|Mixed Platforms.ActiveCfg = Release|Any CPU
		{CFF49CC1-85B5-49F7-B14B-A6EBF2592DD2}.Release|Mixed Platforms.Build.0 = Release|Any CPU
		{CFF49CC1-85B5-49F7-B14B-A6EBF2592DD2}.Release|Win32.ActiveCfg = Release|Any CPU
		{76DE566A-0164-4FF4-9549-9CB96FF471E6}.Debug|Any CPU.ActiveCfg = Debug|Any CPU
		{76DE566A-0164-4FF4-9549-9CB96FF471E6}.Debug|Any CPU.Build.0 = Debug|Any CPU
		{76DE566A-0164-4FF4-9549-9CB96FF471E6}.Debug|Mixed Platforms.ActiveCfg = Debug|Any CPU
		{76DE566A-0164-4FF4-9549-9CB96FF471E6}.Debug|Mixed Platforms.Build.0 = Debug|Any CPU
		{76DE566A-0164-4FF4-9549-9CB96FF471E6}.Debug|Win32.ActiveCfg = Debug|Any CPU
		{76DE566A-0164-4FF4-9549-9CB96FF471E6}.Release|Any CPU.ActiveCfg = Release|Any CPU
		{76DE566A-0164-4FF4-9549-9CB96FF471E6}.Release|Any CPU.Build.0 = Release|Any CPU
		{76DE566A-0164-4FF4-9549-9CB96FF471E6}.Release|Mixed Platforms.ActiveCfg = Release|Any CPU
		{76DE566A-0164-4FF4-9549-9CB96FF471E6}.Release|Mixed Platforms.Build.0 = Release|Any CPU
		{76DE566A-0164-4FF4-9549-9CB96FF471E6}.Release|Win32.ActiveCfg = Release|Any CPU
		{0162CB30-7773-40AF-833F-9A852D8B1F5F}.Debug|Any CPU.ActiveCfg = Debug|Any CPU
		{0162CB30-7773-40AF-833F-9A852D8B1F5F}.Debug|Any CPU.Build.0 = Debug|Any CPU
		{0162CB30-7773-40AF-833F-9A852D8B1F5F}.Debug|Mixed Platforms.ActiveCfg = Debug|Any CPU
		{0162CB30-7773-40AF-833F-9A852D8B1F5F}.Debug|Mixed Platforms.Build.0 = Debug|Any CPU
		{0162CB30-7773-40AF-833F-9A852D8B1F5F}.Debug|Win32.ActiveCfg = Debug|Any CPU
		{0162CB30-7773-40AF-833F-9A852D8B1F5F}.Release|Any CPU.ActiveCfg = Release|Any CPU
		{0162CB30-7773-40AF-833F-9A852D8B1F5F}.Release|Any CPU.Build.0 = Release|Any CPU
		{0162CB30-7773-40AF-833F-9A852D8B1F5F}.Release|Mixed Platforms.ActiveCfg = Release|Any CPU
		{0162CB30-7773-40AF-833F-9A852D8B1F5F}.Release|Mixed Platforms.Build.0 = Release|Any CPU
		{0162CB30-7773-40AF-833F-9A852D8B1F5F}.Release|Win32.ActiveCfg = Release|Any CPU
		{817AFAE8-D90C-48CF-BCC4-100998A26FFF}.Debug|Any CPU.ActiveCfg = Debug|Any CPU
		{817AFAE8-D90C-48CF-BCC4-100998A26FFF}.Debug|Any CPU.Build.0 = Debug|Any CPU
		{817AFAE8-D90C-48CF-BCC4-100998A26FFF}.Debug|Mixed Platforms.ActiveCfg = Debug|Any CPU
		{817AFAE8-D90C-48CF-BCC4-100998A26FFF}.Debug|Mixed Platforms.Build.0 = Debug|Any CPU
		{817AFAE8-D90C-48CF-BCC4-100998A26FFF}.Debug|Win32.ActiveCfg = Debug|Any CPU
		{817AFAE8-D90C-48CF-BCC4-100998A26FFF}.Release|Any CPU.ActiveCfg = Release|Any CPU
		{817AFAE8-D90C-48CF-BCC4-100998A26FFF}.Release|Any CPU.Build.0 = Release|Any CPU
		{817AFAE8-D90C-48CF-BCC4-100998A26FFF}.Release|Mixed Platforms.ActiveCfg = Release|Any CPU
		{817AFAE8-D90C-48CF-BCC4-100998A26FFF}.Release|Mixed Platforms.Build.0 = Release|Any CPU
		{817AFAE8-D90C-48CF-BCC4-100998A26FFF}.Release|Win32.ActiveCfg = Release|Any CPU
		{AC7FAF11-0174-41EC-AEBF-BA98205C1606}.Debug|Any CPU.ActiveCfg = Debug|Any CPU
		{AC7FAF11-0174-41EC-AEBF-BA98205C1606}.Debug|Any CPU.Build.0 = Debug|Any CPU
		{AC7FAF11-0174-41EC-AEBF-BA98205C1606}.Debug|Mixed Platforms.ActiveCfg = Debug|Any CPU
		{AC7FAF11-0174-41EC-AEBF-BA98205C1606}.Debug|Mixed Platforms.Build.0 = Debug|Any CPU
		{AC7FAF11-0174-41EC-AEBF-BA98205C1606}.Debug|Win32.ActiveCfg = Debug|Any CPU
		{AC7FAF11-0174-41EC-AEBF-BA98205C1606}.Release|Any CPU.ActiveCfg = Release|Any CPU
		{AC7FAF11-0174-41EC-AEBF-BA98205C1606}.Release|Any CPU.Build.0 = Release|Any CPU
		{AC7FAF11-0174-41EC-AEBF-BA98205C1606}.Release|Mixed Platforms.ActiveCfg = Release|Any CPU
		{AC7FAF11-0174-41EC-AEBF-BA98205C1606}.Release|Mixed Platforms.Build.0 = Release|Any CPU
		{AC7FAF11-0174-41EC-AEBF-BA98205C1606}.Release|Win32.ActiveCfg = Release|Any CPU
		{C44B8A4D-E9F2-4EA2-A668-8677A9D92CF5}.Debug|Any CPU.ActiveCfg = Debug|Any CPU
		{C44B8A4D-E9F2-4EA2-A668-8677A9D92CF5}.Debug|Any CPU.Build.0 = Debug|Any CPU
		{C44B8A4D-E9F2-4EA2-A668-8677A9D92CF5}.Debug|Mixed Platforms.ActiveCfg = Debug|Any CPU
		{C44B8A4D-E9F2-4EA2-A668-8677A9D92CF5}.Debug|Mixed Platforms.Build.0 = Debug|Any CPU
		{C44B8A4D-E9F2-4EA2-A668-8677A9D92CF5}.Debug|Win32.ActiveCfg = Debug|Any CPU
		{C44B8A4D-E9F2-4EA2-A668-8677A9D92CF5}.Release|Any CPU.ActiveCfg = Release|Any CPU
		{C44B8A4D-E9F2-4EA2-A668-8677A9D92CF5}.Release|Any CPU.Build.0 = Release|Any CPU
		{C44B8A4D-E9F2-4EA2-A668-8677A9D92CF5}.Release|Mixed Platforms.ActiveCfg = Release|Any CPU
		{C44B8A4D-E9F2-4EA2-A668-8677A9D92CF5}.Release|Mixed Platforms.Build.0 = Release|Any CPU
		{C44B8A4D-E9F2-4EA2-A668-8677A9D92CF5}.Release|Win32.ActiveCfg = Release|Any CPU
		{18720F59-2A0F-4D29-B3AE-9EB743089940}.Debug|Any CPU.ActiveCfg = Debug|Any CPU
		{18720F59-2A0F-4D29-B3AE-9EB743089940}.Debug|Any CPU.Build.0 = Debug|Any CPU
		{18720F59-2A0F-4D29-B3AE-9EB743089940}.Debug|Mixed Platforms.ActiveCfg = Debug|Any CPU
		{18720F59-2A0F-4D29-B3AE-9EB743089940}.Debug|Mixed Platforms.Build.0 = Debug|Any CPU
		{18720F59-2A0F-4D29-B3AE-9EB743089940}.Debug|Win32.ActiveCfg = Debug|Any CPU
		{18720F59-2A0F-4D29-B3AE-9EB743089940}.Release|Any CPU.ActiveCfg = Release|Any CPU
		{18720F59-2A0F-4D29-B3AE-9EB743089940}.Release|Any CPU.Build.0 = Release|Any CPU
		{18720F59-2A0F-4D29-B3AE-9EB743089940}.Release|Mixed Platforms.ActiveCfg = Release|Any CPU
		{18720F59-2A0F-4D29-B3AE-9EB743089940}.Release|Mixed Platforms.Build.0 = Release|Any CPU
		{18720F59-2A0F-4D29-B3AE-9EB743089940}.Release|Win32.ActiveCfg = Release|Any CPU
		{A08DCFD4-CF8E-4208-ADC8-D2DC72CEC9E5}.Debug|Any CPU.ActiveCfg = Debug|Any CPU
		{A08DCFD4-CF8E-4208-ADC8-D2DC72CEC9E5}.Debug|Any CPU.Build.0 = Debug|Any CPU
		{A08DCFD4-CF8E-4208-ADC8-D2DC72CEC9E5}.Debug|Mixed Platforms.ActiveCfg = Debug|Any CPU
		{A08DCFD4-CF8E-4208-ADC8-D2DC72CEC9E5}.Debug|Mixed Platforms.Build.0 = Debug|Any CPU
		{A08DCFD4-CF8E-4208-ADC8-D2DC72CEC9E5}.Debug|Win32.ActiveCfg = Debug|Any CPU
		{A08DCFD4-CF8E-4208-ADC8-D2DC72CEC9E5}.Release|Any CPU.ActiveCfg = Release|Any CPU
		{A08DCFD4-CF8E-4208-ADC8-D2DC72CEC9E5}.Release|Any CPU.Build.0 = Release|Any CPU
		{A08DCFD4-CF8E-4208-ADC8-D2DC72CEC9E5}.Release|Mixed Platforms.ActiveCfg = Release|Any CPU
		{A08DCFD4-CF8E-4208-ADC8-D2DC72CEC9E5}.Release|Mixed Platforms.Build.0 = Release|Any CPU
		{A08DCFD4-CF8E-4208-ADC8-D2DC72CEC9E5}.Release|Win32.ActiveCfg = Release|Any CPU
		{9A44FA91-3E76-449E-BDF2-7B18683F96D5}.Debug|Any CPU.ActiveCfg = Debug|Any CPU
		{9A44FA91-3E76-449E-BDF2-7B18683F96D5}.Debug|Any CPU.Build.0 = Debug|Any CPU
		{9A44FA91-3E76-449E-BDF2-7B18683F96D5}.Debug|Mixed Platforms.ActiveCfg = Debug|Any CPU
		{9A44FA91-3E76-449E-BDF2-7B18683F96D5}.Debug|Mixed Platforms.Build.0 = Debug|Any CPU
		{9A44FA91-3E76-449E-BDF2-7B18683F96D5}.Debug|Win32.ActiveCfg = Debug|Any CPU
		{9A44FA91-3E76-449E-BDF2-7B18683F96D5}.Release|Any CPU.ActiveCfg = Release|Any CPU
		{9A44FA91-3E76-449E-BDF2-7B18683F96D5}.Release|Any CPU.Build.0 = Release|Any CPU
		{9A44FA91-3E76-449E-BDF2-7B18683F96D5}.Release|Mixed Platforms.ActiveCfg = Release|Any CPU
		{9A44FA91-3E76-449E-BDF2-7B18683F96D5}.Release|Mixed Platforms.Build.0 = Release|Any CPU
		{9A44FA91-3E76-449E-BDF2-7B18683F96D5}.Release|Win32.ActiveCfg = Release|Any CPU
		{D5B65E94-E042-4574-B985-ED42FB7B08F0}.Debug|Any CPU.ActiveCfg = Debug|Any CPU
		{D5B65E94-E042-4574-B985-ED42FB7B08F0}.Debug|Any CPU.Build.0 = Debug|Any CPU
		{D5B65E94-E042-4574-B985-ED42FB7B08F0}.Debug|Mixed Platforms.ActiveCfg = Debug|Any CPU
		{D5B65E94-E042-4574-B985-ED42FB7B08F0}.Debug|Mixed Platforms.Build.0 = Debug|Any CPU
		{D5B65E94-E042-4574-B985-ED42FB7B08F0}.Debug|Win32.ActiveCfg = Debug|Any CPU
		{D5B65E94-E042-4574-B985-ED42FB7B08F0}.Release|Any CPU.ActiveCfg = Release|Any CPU
		{D5B65E94-E042-4574-B985-ED42FB7B08F0}.Release|Any CPU.Build.0 = Release|Any CPU
		{D5B65E94-E042-4574-B985-ED42FB7B08F0}.Release|Mixed Platforms.ActiveCfg = Release|Any CPU
		{D5B65E94-E042-4574-B985-ED42FB7B08F0}.Release|Mixed Platforms.Build.0 = Release|Any CPU
		{D5B65E94-E042-4574-B985-ED42FB7B08F0}.Release|Win32.ActiveCfg = Release|Any CPU
		{54C6DBD2-4E25-4444-93C6-64E966DEA46F}.Debug|Any CPU.ActiveCfg = Debug|Any CPU
		{54C6DBD2-4E25-4444-93C6-64E966DEA46F}.Debug|Any CPU.Build.0 = Debug|Any CPU
		{54C6DBD2-4E25-4444-93C6-64E966DEA46F}.Debug|Mixed Platforms.ActiveCfg = Debug|Any CPU
		{54C6DBD2-4E25-4444-93C6-64E966DEA46F}.Debug|Mixed Platforms.Build.0 = Debug|Any CPU
		{54C6DBD2-4E25-4444-93C6-64E966DEA46F}.Debug|Win32.ActiveCfg = Debug|Any CPU
		{54C6DBD2-4E25-4444-93C6-64E966DEA46F}.Release|Any CPU.ActiveCfg = Release|Any CPU
		{54C6DBD2-4E25-4444-93C6-64E966DEA46F}.Release|Any CPU.Build.0 = Release|Any CPU
		{54C6DBD2-4E25-4444-93C6-64E966DEA46F}.Release|Mixed Platforms.ActiveCfg = Release|Any CPU
		{54C6DBD2-4E25-4444-93C6-64E966DEA46F}.Release|Mixed Platforms.Build.0 = Release|Any CPU
		{54C6DBD2-4E25-4444-93C6-64E966DEA46F}.Release|Win32.ActiveCfg = Release|Any CPU
		{F1300AF4-2685-46AB-BBE7-09A0ABF54663}.Debug|Any CPU.ActiveCfg = Debug|Any CPU
		{F1300AF4-2685-46AB-BBE7-09A0ABF54663}.Debug|Any CPU.Build.0 = Debug|Any CPU
		{F1300AF4-2685-46AB-BBE7-09A0ABF54663}.Debug|Mixed Platforms.ActiveCfg = Debug|Any CPU
		{F1300AF4-2685-46AB-BBE7-09A0ABF54663}.Debug|Mixed Platforms.Build.0 = Debug|Any CPU
		{F1300AF4-2685-46AB-BBE7-09A0ABF54663}.Debug|Win32.ActiveCfg = Debug|Any CPU
		{F1300AF4-2685-46AB-BBE7-09A0ABF54663}.Debug|Win32.Build.0 = Debug|Any CPU
		{F1300AF4-2685-46AB-BBE7-09A0ABF54663}.Release|Any CPU.ActiveCfg = Release|Any CPU
		{F1300AF4-2685-46AB-BBE7-09A0ABF54663}.Release|Any CPU.Build.0 = Release|Any CPU
		{F1300AF4-2685-46AB-BBE7-09A0ABF54663}.Release|Mixed Platforms.ActiveCfg = Release|Any CPU
		{F1300AF4-2685-46AB-BBE7-09A0ABF54663}.Release|Mixed Platforms.Build.0 = Release|Any CPU
		{F1300AF4-2685-46AB-BBE7-09A0ABF54663}.Release|Win32.ActiveCfg = Release|Any CPU
		{F1300AF4-2685-46AB-BBE7-09A0ABF54663}.Release|Win32.Build.0 = Release|Any CPU
		{0D4BF2AC-71E4-418C-B825-F4C98ADC082D}.Debug|Any CPU.ActiveCfg = Debug|Any CPU
		{0D4BF2AC-71E4-418C-B825-F4C98ADC082D}.Debug|Any CPU.Build.0 = Debug|Any CPU
		{0D4BF2AC-71E4-418C-B825-F4C98ADC082D}.Debug|Mixed Platforms.ActiveCfg = Debug|Any CPU
		{0D4BF2AC-71E4-418C-B825-F4C98ADC082D}.Debug|Mixed Platforms.Build.0 = Debug|Any CPU
		{0D4BF2AC-71E4-418C-B825-F4C98ADC082D}.Debug|Win32.ActiveCfg = Debug|Any CPU
		{0D4BF2AC-71E4-418C-B825-F4C98ADC082D}.Debug|Win32.Build.0 = Debug|Any CPU
		{0D4BF2AC-71E4-418C-B825-F4C98ADC082D}.Release|Any CPU.ActiveCfg = Release|Any CPU
		{0D4BF2AC-71E4-418C-B825-F4C98ADC082D}.Release|Any CPU.Build.0 = Release|Any CPU
		{0D4BF2AC-71E4-418C-B825-F4C98ADC082D}.Release|Mixed Platforms.ActiveCfg = Release|Any CPU
		{0D4BF2AC-71E4-418C-B825-F4C98ADC082D}.Release|Mixed Platforms.Build.0 = Release|Any CPU
		{0D4BF2AC-71E4-418C-B825-F4C98ADC082D}.Release|Win32.ActiveCfg = Release|Any CPU
		{0D4BF2AC-71E4-418C-B825-F4C98ADC082D}.Release|Win32.Build.0 = Release|Any CPU
		{76D03113-CA12-4CF3-8787-1DFC74D4D0C0}.Debug|Any CPU.ActiveCfg = Debug|Any CPU
		{76D03113-CA12-4CF3-8787-1DFC74D4D0C0}.Debug|Any CPU.Build.0 = Debug|Any CPU
		{76D03113-CA12-4CF3-8787-1DFC74D4D0C0}.Debug|Mixed Platforms.ActiveCfg = Debug|Any CPU
		{76D03113-CA12-4CF3-8787-1DFC74D4D0C0}.Debug|Mixed Platforms.Build.0 = Debug|Any CPU
		{76D03113-CA12-4CF3-8787-1DFC74D4D0C0}.Debug|Win32.ActiveCfg = Debug|Any CPU
		{76D03113-CA12-4CF3-8787-1DFC74D4D0C0}.Debug|Win32.Build.0 = Debug|Any CPU
		{76D03113-CA12-4CF3-8787-1DFC74D4D0C0}.Release|Any CPU.ActiveCfg = Release|Any CPU
		{76D03113-CA12-4CF3-8787-1DFC74D4D0C0}.Release|Any CPU.Build.0 = Release|Any CPU
		{76D03113-CA12-4CF3-8787-1DFC74D4D0C0}.Release|Mixed Platforms.ActiveCfg = Release|Any CPU
		{76D03113-CA12-4CF3-8787-1DFC74D4D0C0}.Release|Mixed Platforms.Build.0 = Release|Any CPU
		{76D03113-CA12-4CF3-8787-1DFC74D4D0C0}.Release|Win32.ActiveCfg = Release|Any CPU
		{76D03113-CA12-4CF3-8787-1DFC74D4D0C0}.Release|Win32.Build.0 = Release|Any CPU
		{58B334D9-4EE5-42B5-BE55-0A9677BB928E}.Debug|Any CPU.ActiveCfg = Debug|Any CPU
		{58B334D9-4EE5-42B5-BE55-0A9677BB928E}.Debug|Any CPU.Build.0 = Debug|Any CPU
		{58B334D9-4EE5-42B5-BE55-0A9677BB928E}.Debug|Mixed Platforms.ActiveCfg = Debug|Any CPU
		{58B334D9-4EE5-42B5-BE55-0A9677BB928E}.Debug|Mixed Platforms.Build.0 = Debug|Any CPU
		{58B334D9-4EE5-42B5-BE55-0A9677BB928E}.Debug|Win32.ActiveCfg = Debug|Any CPU
		{58B334D9-4EE5-42B5-BE55-0A9677BB928E}.Debug|Win32.Build.0 = Debug|Any CPU
		{58B334D9-4EE5-42B5-BE55-0A9677BB928E}.Release|Any CPU.ActiveCfg = Release|Any CPU
		{58B334D9-4EE5-42B5-BE55-0A9677BB928E}.Release|Any CPU.Build.0 = Release|Any CPU
		{58B334D9-4EE5-42B5-BE55-0A9677BB928E}.Release|Mixed Platforms.ActiveCfg = Release|Any CPU
		{58B334D9-4EE5-42B5-BE55-0A9677BB928E}.Release|Mixed Platforms.Build.0 = Release|Any CPU
		{58B334D9-4EE5-42B5-BE55-0A9677BB928E}.Release|Win32.ActiveCfg = Release|Any CPU
		{58B334D9-4EE5-42B5-BE55-0A9677BB928E}.Release|Win32.Build.0 = Release|Any CPU
		{F4B69E3F-7115-499A-A59F-A4C16D6527ED}.Debug|Any CPU.ActiveCfg = Debug|Any CPU
		{F4B69E3F-7115-499A-A59F-A4C16D6527ED}.Debug|Any CPU.Build.0 = Debug|Any CPU
		{F4B69E3F-7115-499A-A59F-A4C16D6527ED}.Debug|Mixed Platforms.ActiveCfg = Debug|Any CPU
		{F4B69E3F-7115-499A-A59F-A4C16D6527ED}.Debug|Mixed Platforms.Build.0 = Debug|Any CPU
		{F4B69E3F-7115-499A-A59F-A4C16D6527ED}.Debug|Win32.ActiveCfg = Debug|Any CPU
		{F4B69E3F-7115-499A-A59F-A4C16D6527ED}.Debug|Win32.Build.0 = Debug|Any CPU
		{F4B69E3F-7115-499A-A59F-A4C16D6527ED}.Release|Any CPU.ActiveCfg = Release|Any CPU
		{F4B69E3F-7115-499A-A59F-A4C16D6527ED}.Release|Any CPU.Build.0 = Release|Any CPU
		{F4B69E3F-7115-499A-A59F-A4C16D6527ED}.Release|Mixed Platforms.ActiveCfg = Release|Any CPU
		{F4B69E3F-7115-499A-A59F-A4C16D6527ED}.Release|Mixed Platforms.Build.0 = Release|Any CPU
		{F4B69E3F-7115-499A-A59F-A4C16D6527ED}.Release|Win32.ActiveCfg = Release|Any CPU
		{F4B69E3F-7115-499A-A59F-A4C16D6527ED}.Release|Win32.Build.0 = Release|Any CPU
		{4D0561C0-1D1E-4602-8BDF-872F98320CD1}.Debug|Any CPU.ActiveCfg = Debug|Any CPU
		{4D0561C0-1D1E-4602-8BDF-872F98320CD1}.Debug|Any CPU.Build.0 = Debug|Any CPU
		{4D0561C0-1D1E-4602-8BDF-872F98320CD1}.Debug|Mixed Platforms.ActiveCfg = Debug|Any CPU
		{4D0561C0-1D1E-4602-8BDF-872F98320CD1}.Debug|Mixed Platforms.Build.0 = Debug|Any CPU
		{4D0561C0-1D1E-4602-8BDF-872F98320CD1}.Debug|Win32.ActiveCfg = Debug|Any CPU
		{4D0561C0-1D1E-4602-8BDF-872F98320CD1}.Debug|Win32.Build.0 = Debug|Any CPU
		{4D0561C0-1D1E-4602-8BDF-872F98320CD1}.Release|Any CPU.ActiveCfg = Release|Any CPU
		{4D0561C0-1D1E-4602-8BDF-872F98320CD1}.Release|Any CPU.Build.0 = Release|Any CPU
		{4D0561C0-1D1E-4602-8BDF-872F98320CD1}.Release|Mixed Platforms.ActiveCfg = Release|Any CPU
		{4D0561C0-1D1E-4602-8BDF-872F98320CD1}.Release|Mixed Platforms.Build.0 = Release|Any CPU
		{4D0561C0-1D1E-4602-8BDF-872F98320CD1}.Release|Win32.ActiveCfg = Release|Any CPU
		{4D0561C0-1D1E-4602-8BDF-872F98320CD1}.Release|Win32.Build.0 = Release|Any CPU
		{4A58DEC6-3904-4C03-BF4C-B545F7C87B4E}.Debug|Any CPU.ActiveCfg = Debug|Any CPU
		{4A58DEC6-3904-4C03-BF4C-B545F7C87B4E}.Debug|Any CPU.Build.0 = Debug|Any CPU
		{4A58DEC6-3904-4C03-BF4C-B545F7C87B4E}.Debug|Mixed Platforms.ActiveCfg = Debug|Any CPU
		{4A58DEC6-3904-4C03-BF4C-B545F7C87B4E}.Debug|Mixed Platforms.Build.0 = Debug|Any CPU
		{4A58DEC6-3904-4C03-BF4C-B545F7C87B4E}.Debug|Win32.ActiveCfg = Debug|Any CPU
		{4A58DEC6-3904-4C03-BF4C-B545F7C87B4E}.Debug|Win32.Build.0 = Debug|Any CPU
		{4A58DEC6-3904-4C03-BF4C-B545F7C87B4E}.Release|Any CPU.ActiveCfg = Release|Any CPU
		{4A58DEC6-3904-4C03-BF4C-B545F7C87B4E}.Release|Any CPU.Build.0 = Release|Any CPU
		{4A58DEC6-3904-4C03-BF4C-B545F7C87B4E}.Release|Mixed Platforms.ActiveCfg = Release|Any CPU
		{4A58DEC6-3904-4C03-BF4C-B545F7C87B4E}.Release|Mixed Platforms.Build.0 = Release|Any CPU
		{4A58DEC6-3904-4C03-BF4C-B545F7C87B4E}.Release|Win32.ActiveCfg = Release|Any CPU
		{4A58DEC6-3904-4C03-BF4C-B545F7C87B4E}.Release|Win32.Build.0 = Release|Any CPU
		{439B31C9-8D05-4E97-99AF-AA15601FDD4F}.Debug|Any CPU.ActiveCfg = Debug|Any CPU
		{439B31C9-8D05-4E97-99AF-AA15601FDD4F}.Debug|Any CPU.Build.0 = Debug|Any CPU
		{439B31C9-8D05-4E97-99AF-AA15601FDD4F}.Debug|Mixed Platforms.ActiveCfg = Debug|Any CPU
		{439B31C9-8D05-4E97-99AF-AA15601FDD4F}.Debug|Mixed Platforms.Build.0 = Debug|Any CPU
		{439B31C9-8D05-4E97-99AF-AA15601FDD4F}.Debug|Win32.ActiveCfg = Debug|Any CPU
		{439B31C9-8D05-4E97-99AF-AA15601FDD4F}.Debug|Win32.Build.0 = Debug|Any CPU
		{439B31C9-8D05-4E97-99AF-AA15601FDD4F}.Release|Any CPU.ActiveCfg = Release|Any CPU
		{439B31C9-8D05-4E97-99AF-AA15601FDD4F}.Release|Any CPU.Build.0 = Release|Any CPU
		{439B31C9-8D05-4E97-99AF-AA15601FDD4F}.Release|Mixed Platforms.ActiveCfg = Release|Any CPU
		{439B31C9-8D05-4E97-99AF-AA15601FDD4F}.Release|Mixed Platforms.Build.0 = Release|Any CPU
		{439B31C9-8D05-4E97-99AF-AA15601FDD4F}.Release|Win32.ActiveCfg = Release|Any CPU
		{439B31C9-8D05-4E97-99AF-AA15601FDD4F}.Release|Win32.Build.0 = Release|Any CPU
	EndGlobalSection
	GlobalSection(SolutionProperties) = preSolution
		HideSolutionNode = FALSE
	EndGlobalSection
	GlobalSection(NestedProjects) = preSolution
		{BE6E3513-31DB-49E1-AEF3-E9B10C150484} = {7809F46B-B9D9-4FA3-88DE-C143A65ABEB9}
		{0D4BF2AC-71E4-418C-B825-F4C98ADC082D} = {3F4AEEC2-BADD-4D95-B66F-E15312D7D719}
		{76D03113-CA12-4CF3-8787-1DFC74D4D0C0} = {BDF0FA85-7B9A-4CFA-8D60-17766FD52E6D}
		{58B334D9-4EE5-42B5-BE55-0A9677BB928E} = {BDF0FA85-7B9A-4CFA-8D60-17766FD52E6D}
		{F4B69E3F-7115-499A-A59F-A4C16D6527ED} = {BDF0FA85-7B9A-4CFA-8D60-17766FD52E6D}
		{4D0561C0-1D1E-4602-8BDF-872F98320CD1} = {BDF0FA85-7B9A-4CFA-8D60-17766FD52E6D}
		{4A58DEC6-3904-4C03-BF4C-B545F7C87B4E} = {BDF0FA85-7B9A-4CFA-8D60-17766FD52E6D}
		{439B31C9-8D05-4E97-99AF-AA15601FDD4F} = {3F4AEEC2-BADD-4D95-B66F-E15312D7D719}
	EndGlobalSection
	GlobalSection(TeamFoundationVersionControl) = preSolution
		SccNumberOfProjects = 21
		SccEnterpriseProvider = {4CA58AB2-18FA-4F8D-95D4-32DDF27D184C}
		SccTeamFoundationServer = https://gkgkgray.visualstudio.com/defaultcollection
		SccLocalPath0 = .
		SccProjectUniqueName1 = UnitTestMethodGenerator\\UnitTestMethodGenerator.csproj
		SccProjectName1 = UnitTestMethodGenerator
		SccLocalPath1 = UnitTestMethodGenerator
		SccProjectUniqueName2 = CLP.B\\CLP.B.csproj
		SccProjectName2 = CLP.B
		SccLocalPath2 = CLP.B
		SccProjectUniqueName3 = CLP.ExtFunc\\CLP.ExtFunc.csproj
		SccProjectName3 = CLP.ExtFunc
		SccLocalPath3 = CLP.ExtFunc
		SccProjectUniqueName4 = CLP.B.R\\CLP.B.R2.csproj
		SccProjectName4 = CLP.B.R
		SccLocalPath4 = CLP.B.R
		SccProjectUniqueName5 = CLP.B.R.1\\CLP.B.R1.csproj
		SccProjectName5 = CLP.B.R.1
		SccLocalPath5 = CLP.B.R.1
		SccProjectUniqueName6 = BaseOnRoslyn\\BaseOnRoslyn.csproj
		SccProjectName6 = BaseOnRoslyn
		SccLocalPath6 = BaseOnRoslyn
		SccProjectUniqueName7 = NetstatHelper\\NetstatHelper.csproj
		SccProjectName7 = NetstatHelper
		SccLocalPath7 = NetstatHelper
		SccProjectUniqueName8 = DirListComparer\\DirListComparer.csproj
		SccProjectName8 = DirListComparer
		SccLocalPath8 = DirListComparer
		SccProjectUniqueName9 = Wcf.WebService\\Wcf.WebService.csproj
		SccProjectName9 = Wcf.WebService
		SccLocalPath9 = Wcf.WebService
		SccProjectUniqueName10 = WebAPP\\WebAPP.csproj
		SccProjectName10 = WebAPP
		SccLocalPath10 = WebAPP
		SccProjectUniqueName11 = CLP\\CLP.csproj
		SccProjectName11 = CLP
		SccLocalPath11 = CLP
		SccProjectUniqueName12 = UTPP\\UTPP.csproj
		SccProjectName12 = UTPP
		SccLocalPath12 = UTPP
		SccProjectUniqueName13 = Visual\u0020Studio\u0020IX\u0020Proj\\Visual\u0020Studio\u0020IX\u0020Proj.csproj
		SccProjectName13 = Visual\u0020Studio\u0020IX\u0020Proj
		SccLocalPath13 = Visual\u0020Studio\u0020IX\u0020Proj
		SccProjectUniqueName14 = WebAppNetCoreMVC\\WebAppNetCoreMVC.xproj
		SccProjectTopLevelParentUniqueName14 = HTRD.sln
		SccProjectName14 = WebAppNetCoreMVC
		SccLocalPath14 = WebAppNetCoreMVC
		SccProjectUniqueName15 = AOPLifetimeManager\\AOPLifetimeManager.csproj
		SccProjectTopLevelParentUniqueName15 = HTRD.sln
		SccProjectName15 = AOPLifetimeManager
		SccLocalPath15 = AOPLifetimeManager
		SccProjectUniqueName16 = BusinessLayer\\BusinessLayer.csproj
		SccProjectTopLevelParentUniqueName16 = HTRD.sln
		SccProjectName16 = BusinessLayer
		SccLocalPath16 = BusinessLayer
		SccProjectUniqueName17 = MSPracticesUnity_Behavior\\MSPracticesUnity_Behavior.csproj
		SccProjectTopLevelParentUniqueName17 = HTRD.sln
		SccProjectName17 = MSPracticesUnity_Behavior
		SccLocalPath17 = MSPracticesUnity_Behavior
		SccProjectUniqueName18 = MSPracticesUnity_Inspector\\MSPracticesUnity_Inspector.csproj
		SccProjectTopLevelParentUniqueName18 = HTRD.sln
		SccProjectName18 = MSPracticesUnity_Inspector
		SccLocalPath18 = MSPracticesUnity_Inspector
		SccProjectUniqueName19 = MSPracticesUnity_Interceptor\\MSPracticesUnity_Interceptor.csproj
		SccProjectTopLevelParentUniqueName19 = HTRD.sln
		SccProjectName19 = MSPracticesUnity_Interceptor
		SccLocalPath19 = MSPracticesUnity_Interceptor
		SccProjectUniqueName20 = DotNetLibrary\\DotNetCoreLibrary.xproj
		SccProjectTopLevelParentUniqueName20 = HTRD.sln
		SccProjectName20 = DotNetLibrary
		SccLocalPath20 = DotNetLibrary
	EndGlobalSection
EndGlobal
