
Microsoft Visual Studio Solution File, Format Version 12.00
# Visual Studio 2013
VisualStudioVersion = 12.0.31101.0
MinimumVisualStudioVersion = 10.0.40219.1
Project("{FAE04EC0-301F-11D3-BF4B-00C04F79EFBC}") = "IsoCreator", "IsoCreator\IsoCreator.csproj", "{E7416B14-9744-4C69-9D46-C1BCA1FC5823}"
EndProject
Project("{FAE04EC0-301F-11D3-BF4B-00C04F79EFBC}") = "Export", "..\Export\Export\Export.csproj", "{4A9EF7A9-C3D2-43D6-A2F6-9C97FB5AEEE3}"
EndProject
Project("{2150E333-8FDC-42A3-9474-1A3956D46DE8}") = "Zips", "Zips", "{FEFEC494-71C4-4722-B490-E741CF7BBB85}"
	ProjectSection(SolutionItems) = preProject
		..\IsoCreator.zip = ..\IsoCreator.zip
	EndProjectSection
EndProject
Global
	GlobalSection(TeamFoundationVersionControl) = preSolution
		SccNumberOfProjects = 3
		SccEnterpriseProvider = {4CA58AB2-18FA-4F8D-95D4-32DDF27D184C}
		SccTeamFoundationServer = https://gkgkgray.visualstudio.com/defaultcollection
		SccLocalPath0 = .
		SccProjectUniqueName1 = ..\\Export\\Export\\Export.csproj
		SccProjectName1 = ../Export/Export
		SccLocalPath1 = ..\\Export\\Export
		SccProjectUniqueName2 = IsoCreator\\IsoCreator.csproj
		SccProjectName2 = IsoCreator
		SccLocalPath2 = IsoCreator
	EndGlobalSection
	GlobalSection(SolutionConfigurationPlatforms) = preSolution
		Debug|Any CPU = Debug|Any CPU
		Release|Any CPU = Release|Any CPU
	EndGlobalSection
	GlobalSection(ProjectConfigurationPlatforms) = postSolution
		{E7416B14-9744-4C69-9D46-C1BCA1FC5823}.Debug|Any CPU.ActiveCfg = Debug|Any CPU
		{E7416B14-9744-4C69-9D46-C1BCA1FC5823}.Debug|Any CPU.Build.0 = Debug|Any CPU
		{E7416B14-9744-4C69-9D46-C1BCA1FC5823}.Release|Any CPU.ActiveCfg = Release|Any CPU
		{E7416B14-9744-4C69-9D46-C1BCA1FC5823}.Release|Any CPU.Build.0 = Release|Any CPU
		{4A9EF7A9-C3D2-43D6-A2F6-9C97FB5AEEE3}.Debug|Any CPU.ActiveCfg = Debug|Any CPU
		{4A9EF7A9-C3D2-43D6-A2F6-9C97FB5AEEE3}.Debug|Any CPU.Build.0 = Debug|Any CPU
		{4A9EF7A9-C3D2-43D6-A2F6-9C97FB5AEEE3}.Release|Any CPU.ActiveCfg = Release|Any CPU
		{4A9EF7A9-C3D2-43D6-A2F6-9C97FB5AEEE3}.Release|Any CPU.Build.0 = Release|Any CPU
	EndGlobalSection
	GlobalSection(SolutionProperties) = preSolution
		HideSolutionNode = FALSE
	EndGlobalSection
EndGlobal
